
Microsoft Visual Studio Solution File, Format Version 12.00
# Visual Studio Version 17
VisualStudioVersion = 17.5.002.0
MinimumVisualStudioVersion = 10.0.40219.1
Project("{9A19103F-16F7-4668-BE54-9A1E7A4F7556}") = "api", "api\api.csproj", "{7FB8569D-5599-47DE-995F-9B903C01FC95}"
EndProject
Global
	GlobalSection(SolutionConfigurationPlatforms) = preSolution
		Debug|Any CPU = Debug|Any CPU
		Release|Any CPU = Release|Any CPU
	EndGlobalSection
	GlobalSection(ProjectConfigurationPlatforms) = postSolution
		{7FB8569D-5599-47DE-995F-9B903C01FC95}.Debug|Any CPU.ActiveCfg = Debug|Any CPU
		{7FB8569D-5599-47DE-995F-9B903C01FC95}.Debug|Any CPU.Build.0 = Debug|Any CPU
		{7FB8569D-5599-47DE-995F-9B903C01FC95}.Release|Any CPU.ActiveCfg = Release|Any CPU
		{7FB8569D-5599-47DE-995F-9B903C01FC95}.Release|Any CPU.Build.0 = Release|Any CPU
	EndGlobalSection
	GlobalSection(SolutionProperties) = preSolution
		HideSolutionNode = FALSE
	EndGlobalSection
	GlobalSection(ExtensibilityGlobals) = postSolution
		SolutionGuid = {CC5D00AF-9BAD-4715-9EFA-A03E092E2ADC}
	EndGlobalSection
EndGlobal
